
Microsoft Visual Studio Solution File, Format Version 11.00
# Visual Studio 2010
Project("{FAE04EC0-301F-11D3-BF4B-00C04F79EFBC}") = "Vanderkorn", "Vanderkorn\Vanderkorn.csproj", "{E9A27203-55DE-43BB-A262-F62711A52EB8}"
EndProject
Project("{FAE04EC0-301F-11D3-BF4B-00C04F79EFBC}") = "TestVanderkorn", "TestVanderkorn\TestVanderkorn.csproj", "{555FB364-9546-4041-9BA8-772B633E8306}"
EndProject
Project("{FAE04EC0-301F-11D3-BF4B-00C04F79EFBC}") = "TestProject1", "TestProject1\TestProject1.csproj", "{7096ECD6-A720-49FF-BF43-68448AC29558}"
EndProject
Project("{2150E333-8FDC-42A3-9474-1A3956D46DE8}") = "Solution Items", "Solution Items", "{FEE737A3-CFFB-4326-BA75-C99FBFBE5A8A}"
	ProjectSection(SolutionItems) = preProject
		Local.testsettings = Local.testsettings
		TraceAndTestImpact.testsettings = TraceAndTestImpact.testsettings
		Vanderkorn.vsmdi = Vanderkorn.vsmdi
	EndProjectSection
EndProject
Global
	GlobalSection(TestCaseManagementSettings) = postSolution
		CategoryFile = Vanderkorn.vsmdi
	EndGlobalSection
	GlobalSection(SolutionConfigurationPlatforms) = preSolution
		Debug|Any CPU = Debug|Any CPU
		Debug|Mixed Platforms = Debug|Mixed Platforms
		Debug|x86 = Debug|x86
		Release|Any CPU = Release|Any CPU
		Release|Mixed Platforms = Release|Mixed Platforms
		Release|x86 = Release|x86
	EndGlobalSection
	GlobalSection(ProjectConfigurationPlatforms) = postSolution
		{E9A27203-55DE-43BB-A262-F62711A52EB8}.Debug|Any CPU.ActiveCfg = Debug|Any CPU
		{E9A27203-55DE-43BB-A262-F62711A52EB8}.Debug|Any CPU.Build.0 = Debug|Any CPU
		{E9A27203-55DE-43BB-A262-F62711A52EB8}.Debug|Mixed Platforms.ActiveCfg = Debug|Any CPU
		{E9A27203-55DE-43BB-A262-F62711A52EB8}.Debug|Mixed Platforms.Build.0 = Debug|Any CPU
		{E9A27203-55DE-43BB-A262-F62711A52EB8}.Debug|x86.ActiveCfg = Debug|Any CPU
		{E9A27203-55DE-43BB-A262-F62711A52EB8}.Release|Any CPU.ActiveCfg = Release|Any CPU
		{E9A27203-55DE-43BB-A262-F62711A52EB8}.Release|Any CPU.Build.0 = Release|Any CPU
		{E9A27203-55DE-43BB-A262-F62711A52EB8}.Release|Mixed Platforms.ActiveCfg = Release|Any CPU
		{E9A27203-55DE-43BB-A262-F62711A52EB8}.Release|Mixed Platforms.Build.0 = Release|Any CPU
		{E9A27203-55DE-43BB-A262-F62711A52EB8}.Release|x86.ActiveCfg = Release|Any CPU
		{555FB364-9546-4041-9BA8-772B633E8306}.Debug|Any CPU.ActiveCfg = Debug|x86
		{555FB364-9546-4041-9BA8-772B633E8306}.Debug|Mixed Platforms.ActiveCfg = Debug|Any CPU
		{555FB364-9546-4041-9BA8-772B633E8306}.Debug|Mixed Platforms.Build.0 = Debug|Any CPU
		{555FB364-9546-4041-9BA8-772B633E8306}.Debug|x86.ActiveCfg = Debug|x86
		{555FB364-9546-4041-9BA8-772B633E8306}.Debug|x86.Build.0 = Debug|x86
		{555FB364-9546-4041-9BA8-772B633E8306}.Release|Any CPU.ActiveCfg = Release|x86
		{555FB364-9546-4041-9BA8-772B633E8306}.Release|Mixed Platforms.ActiveCfg = Release|x86
		{555FB364-9546-4041-9BA8-772B633E8306}.Release|Mixed Platforms.Build.0 = Release|x86
		{555FB364-9546-4041-9BA8-772B633E8306}.Release|x86.ActiveCfg = Release|x86
		{555FB364-9546-4041-9BA8-772B633E8306}.Release|x86.Build.0 = Release|x86
		{7096ECD6-A720-49FF-BF43-68448AC29558}.Debug|Any CPU.ActiveCfg = Debug|Any CPU
		{7096ECD6-A720-49FF-BF43-68448AC29558}.Debug|Any CPU.Build.0 = Debug|Any CPU
		{7096ECD6-A720-49FF-BF43-68448AC29558}.Debug|Mixed Platforms.ActiveCfg = Debug|Any CPU
		{7096ECD6-A720-49FF-BF43-68448AC29558}.Debug|Mixed Platforms.Build.0 = Debug|Any CPU
		{7096ECD6-A720-49FF-BF43-68448AC29558}.Debug|x86.ActiveCfg = Debug|Any CPU
		{7096ECD6-A720-49FF-BF43-68448AC29558}.Release|Any CPU.ActiveCfg = Release|Any CPU
		{7096ECD6-A720-49FF-BF43-68448AC29558}.Release|Any CPU.Build.0 = Release|Any CPU
		{7096ECD6-A720-49FF-BF43-68448AC29558}.Release|Mixed Platforms.ActiveCfg = Release|Any CPU
		{7096ECD6-A720-49FF-BF43-68448AC29558}.Release|Mixed Platforms.Build.0 = Release|Any CPU
		{7096ECD6-A720-49FF-BF43-68448AC29558}.Release|x86.ActiveCfg = Release|Any CPU
	EndGlobalSection
	GlobalSection(SolutionProperties) = preSolution
		HideSolutionNode = FALSE
	EndGlobalSection
EndGlobal
